<Solution>
  <Folder Name="/src/">
    <Project Path="src/ImgToVideo.Core/ImgToVideo.Core.csproj" />
    <Project Path="src/ImgToVideo.Ffmpeg/ImgToVideo.Ffmpeg.csproj" />
    <Project Path="src/ImgToVideo.Premiere/ImgToVideo.Premiere.csproj" />
  </Folder>
  <Folder Name="/tests/">
    <Project Path="tests/ImgToVideo.Core.Tests/ImgToVideo.Core.Tests.csproj" />
  </Folder>
</Solution>
